
Microsoft Visual Studio Solution File, Format Version 12.00
# Visual Studio Version 17
VisualStudioVersion = 17.8.34408.163
MinimumVisualStudioVersion = 10.0.40219.1
Project("{FAE04EC0-301F-11D3-BF4B-00C04F79EFBC}") = "SQT-Launcher", "SQT-Launcher.csproj", "{2A02833C-40E7-44B3-8442-4FE839E31CCE}"
EndProject
Global
	GlobalSection(SolutionConfigurationPlatforms) = preSolution
		Debug|Any CPU = Debug|Any CPU
		Release|Any CPU = Release|Any CPU
	EndGlobalSection
	GlobalSection(ProjectConfigurationPlatforms) = postSolution
		{2A02833C-40E7-44B3-8442-4FE839E31CCE}.Debug|Any CPU.ActiveCfg = Debug|Any CPU
		{2A02833C-40E7-44B3-8442-4FE839E31CCE}.Debug|Any CPU.Build.0 = Debug|Any CPU
		{2A02833C-40E7-44B3-8442-4FE839E31CCE}.Release|Any CPU.ActiveCfg = Release|Any CPU
		{2A02833C-40E7-44B3-8442-4FE839E31CCE}.Release|Any CPU.Build.0 = Release|Any CPU
	EndGlobalSection
	GlobalSection(SolutionProperties) = preSolution
		HideSolutionNode = FALSE
	EndGlobalSection
	GlobalSection(ExtensibilityGlobals) = postSolution
		SolutionGuid = {6EBBA1D0-4D0C-4581-92D5-9BC1AA9F414D}
	EndGlobalSection
EndGlobal
